{
  "name": "interview",
  "version": "1.0.0",
  "lockfileVersion": 1,
  "requires": true,
  "dependencies": {
    "assertior": {
      "version": "0.0.9",
      "resolved": "https://registry.npmjs.org/assertior/-/assertior-0.0.9.tgz",
      "integrity": "sha512-pXlF3uMgfN5O43fOHXZZvXB1TBCliZxKtbM3aOccPdpLFrs1z1DwhBSE2Uwx5fZ0P6RhJ49QcM8MNtVOng2LaQ=="
    }
  }
}
